
Microsoft Visual Studio Solution File, Format Version 12.00
# Visual Studio 2013
VisualStudioVersion = 12.0.31101.0
MinimumVisualStudioVersion = 10.0.40219.1
Project("{8BC9CEB8-8B4A-11D0-8D11-00A0C91BC942}") = "Lesson01", "Lesson01\vc2013\Lesson01.vcxproj", "{0180951B-35C7-4488-8F54-0CEE3F9F3D00}"
EndProject
Project("{8BC9CEB8-8B4A-11D0-8D11-00A0C91BC942}") = "Lesson02", "Lesson02\vc2013\Lesson02.vcxproj", "{39CE1ADD-AE4D-4169-9AD8-A18C38E218E1}"
EndProject
Project("{8BC9CEB8-8B4A-11D0-8D11-00A0C91BC942}") = "Lesson03", "Lesson03\vc2013\Lesson03.vcxproj", "{6E2BFFFA-126D-4434-86A8-CF5BD39B3022}"
EndProject
Project("{8BC9CEB8-8B4A-11D0-8D11-00A0C91BC942}") = "Lesson04", "Lesson04\vc2013\Lesson04.vcxproj", "{4B421800-72CF-4B23-9F4F-209BB6F59218}"
EndProject
Project("{8BC9CEB8-8B4A-11D0-8D11-00A0C91BC942}") = "Lesson04b", "Lesson04b\vc2013\Lesson04b.vcxproj", "{099BBDBC-9375-4B26-B100-631A0EEB62D1}"
EndProject
Project("{8BC9CEB8-8B4A-11D0-8D11-00A0C91BC942}") = "Lesson05", "Lesson05\vc2013\Lesson05.vcxproj", "{A848BC9B-0E64-4621-BFD6-88DF13DB1A59}"
EndProject
Project("{8BC9CEB8-8B4A-11D0-8D11-00A0C91BC942}") = "LessonIndexedVBO", "LessonIndexedVBO\vc2013\LessonIndexedVBO.vcxproj", "{B50969AF-F299-4825-A29A-3F921A5CC2F5}"
EndProject
Project("{8BC9CEB8-8B4A-11D0-8D11-00A0C91BC942}") = "LessonIndexedVBODynamic", "LessonIndexedVBODynamic\vc2013\LessonIndexedVBODynamic.vcxproj", "{A47B83ED-0369-4AD5-A144-C8C6A6C062DC}"
EndProject
Project("{8BC9CEB8-8B4A-11D0-8D11-00A0C91BC942}") = "LessonInstancing", "LessonInstancing\vc2013\LessonInstancing.vcxproj", "{CD55F86D-4235-4C5A-AED5-D67ED10526DC}"
EndProject
Project("{8BC9CEB8-8B4A-11D0-8D11-00A0C91BC942}") = "LessonLightingBasics1", "LessonLightingBasics1\vc2013\LessonLightingBasics1.vcxproj", "{9DDB0966-F443-4238-BDD8-DA60D874E5AB}"
EndProject
Project("{8BC9CEB8-8B4A-11D0-8D11-00A0C91BC942}") = "LessonLightingBasics2", "LessonLightingBasics2\vc2013\LessonLightingBasics2.vcxproj", "{EB22BC26-08FD-4E3C-AD6D-52578A41D567}"
EndProject
Project("{8BC9CEB8-8B4A-11D0-8D11-00A0C91BC942}") = "LessonRTT1", "LessonRTT1\vc2013\LessonRTT1.vcxproj", "{0639A636-2A0F-4697-AC2D-F1AAB277BEA8}"
EndProject
Project("{8BC9CEB8-8B4A-11D0-8D11-00A0C91BC942}") = "LessonBillboards", "LessonBillboards\vc2013\LessonBillboards.vcxproj", "{EA2C3760-6777-4658-AEB9-129E94740021}"
EndProject
Project("{8BC9CEB8-8B4A-11D0-8D11-00A0C91BC942}") = "LessonInstancingAdvanced", "LessonInstancingAdvanced\vc2013\LessonInstancingAdvanced.vcxproj", "{BBD1F9EC-16BF-4B74-B222-8C741939A4C2}"
EndProject
Global
	GlobalSection(SolutionConfigurationPlatforms) = preSolution
		Debug|x64 = Debug|x64
		Release|x64 = Release|x64
	EndGlobalSection
	GlobalSection(ProjectConfigurationPlatforms) = postSolution
		{0180951B-35C7-4488-8F54-0CEE3F9F3D00}.Debug|x64.ActiveCfg = Debug|x64
		{0180951B-35C7-4488-8F54-0CEE3F9F3D00}.Release|x64.ActiveCfg = Release|x64
		{0180951B-35C7-4488-8F54-0CEE3F9F3D00}.Release|x64.Build.0 = Release|x64
		{39CE1ADD-AE4D-4169-9AD8-A18C38E218E1}.Debug|x64.ActiveCfg = Debug|x64
		{39CE1ADD-AE4D-4169-9AD8-A18C38E218E1}.Debug|x64.Build.0 = Debug|x64
		{39CE1ADD-AE4D-4169-9AD8-A18C38E218E1}.Release|x64.ActiveCfg = Release|x64
		{39CE1ADD-AE4D-4169-9AD8-A18C38E218E1}.Release|x64.Build.0 = Release|x64
		{6E2BFFFA-126D-4434-86A8-CF5BD39B3022}.Debug|x64.ActiveCfg = Debug|x64
		{6E2BFFFA-126D-4434-86A8-CF5BD39B3022}.Debug|x64.Build.0 = Debug|x64
		{6E2BFFFA-126D-4434-86A8-CF5BD39B3022}.Release|x64.ActiveCfg = Release|x64
		{6E2BFFFA-126D-4434-86A8-CF5BD39B3022}.Release|x64.Build.0 = Release|x64
		{4B421800-72CF-4B23-9F4F-209BB6F59218}.Debug|x64.ActiveCfg = Debug|x64
		{4B421800-72CF-4B23-9F4F-209BB6F59218}.Debug|x64.Build.0 = Debug|x64
		{4B421800-72CF-4B23-9F4F-209BB6F59218}.Release|x64.ActiveCfg = Release|x64
		{4B421800-72CF-4B23-9F4F-209BB6F59218}.Release|x64.Build.0 = Release|x64
		{099BBDBC-9375-4B26-B100-631A0EEB62D1}.Debug|x64.ActiveCfg = Debug|x64
		{099BBDBC-9375-4B26-B100-631A0EEB62D1}.Debug|x64.Build.0 = Debug|x64
		{099BBDBC-9375-4B26-B100-631A0EEB62D1}.Release|x64.ActiveCfg = Release|x64
		{099BBDBC-9375-4B26-B100-631A0EEB62D1}.Release|x64.Build.0 = Release|x64
		{A848BC9B-0E64-4621-BFD6-88DF13DB1A59}.Debug|x64.ActiveCfg = Debug|x64
		{A848BC9B-0E64-4621-BFD6-88DF13DB1A59}.Debug|x64.Build.0 = Debug|x64
		{A848BC9B-0E64-4621-BFD6-88DF13DB1A59}.Release|x64.ActiveCfg = Release|x64
		{A848BC9B-0E64-4621-BFD6-88DF13DB1A59}.Release|x64.Build.0 = Release|x64
		{B50969AF-F299-4825-A29A-3F921A5CC2F5}.Debug|x64.ActiveCfg = Debug|x64
		{B50969AF-F299-4825-A29A-3F921A5CC2F5}.Debug|x64.Build.0 = Debug|x64
		{B50969AF-F299-4825-A29A-3F921A5CC2F5}.Release|x64.ActiveCfg = Release|x64
		{B50969AF-F299-4825-A29A-3F921A5CC2F5}.Release|x64.Build.0 = Release|x64
		{A47B83ED-0369-4AD5-A144-C8C6A6C062DC}.Debug|x64.ActiveCfg = Debug|x64
		{A47B83ED-0369-4AD5-A144-C8C6A6C062DC}.Debug|x64.Build.0 = Debug|x64
		{A47B83ED-0369-4AD5-A144-C8C6A6C062DC}.Release|x64.ActiveCfg = Release|x64
		{A47B83ED-0369-4AD5-A144-C8C6A6C062DC}.Release|x64.Build.0 = Release|x64
		{CD55F86D-4235-4C5A-AED5-D67ED10526DC}.Debug|x64.ActiveCfg = Debug|x64
		{CD55F86D-4235-4C5A-AED5-D67ED10526DC}.Debug|x64.Build.0 = Debug|x64
		{CD55F86D-4235-4C5A-AED5-D67ED10526DC}.Release|x64.ActiveCfg = Release|x64
		{CD55F86D-4235-4C5A-AED5-D67ED10526DC}.Release|x64.Build.0 = Release|x64
		{9DDB0966-F443-4238-BDD8-DA60D874E5AB}.Debug|x64.ActiveCfg = Debug|x64
		{9DDB0966-F443-4238-BDD8-DA60D874E5AB}.Debug|x64.Build.0 = Debug|x64
		{9DDB0966-F443-4238-BDD8-DA60D874E5AB}.Release|x64.ActiveCfg = Release|x64
		{9DDB0966-F443-4238-BDD8-DA60D874E5AB}.Release|x64.Build.0 = Release|x64
		{EB22BC26-08FD-4E3C-AD6D-52578A41D567}.Debug|x64.ActiveCfg = Debug|x64
		{EB22BC26-08FD-4E3C-AD6D-52578A41D567}.Debug|x64.Build.0 = Debug|x64
		{EB22BC26-08FD-4E3C-AD6D-52578A41D567}.Release|x64.ActiveCfg = Release|x64
		{EB22BC26-08FD-4E3C-AD6D-52578A41D567}.Release|x64.Build.0 = Release|x64
		{0639A636-2A0F-4697-AC2D-F1AAB277BEA8}.Debug|x64.ActiveCfg = Debug|x64
		{0639A636-2A0F-4697-AC2D-F1AAB277BEA8}.Debug|x64.Build.0 = Debug|x64
		{0639A636-2A0F-4697-AC2D-F1AAB277BEA8}.Release|x64.ActiveCfg = Release|x64
		{0639A636-2A0F-4697-AC2D-F1AAB277BEA8}.Release|x64.Build.0 = Release|x64
		{EA2C3760-6777-4658-AEB9-129E94740021}.Debug|x64.ActiveCfg = Debug|x64
		{EA2C3760-6777-4658-AEB9-129E94740021}.Debug|x64.Build.0 = Debug|x64
		{EA2C3760-6777-4658-AEB9-129E94740021}.Release|x64.ActiveCfg = Release|x64
		{EA2C3760-6777-4658-AEB9-129E94740021}.Release|x64.Build.0 = Release|x64
		{BBD1F9EC-16BF-4B74-B222-8C741939A4C2}.Debug|x64.ActiveCfg = Debug|x64
		{BBD1F9EC-16BF-4B74-B222-8C741939A4C2}.Debug|x64.Build.0 = Debug|x64
		{BBD1F9EC-16BF-4B74-B222-8C741939A4C2}.Release|x64.ActiveCfg = Release|x64
		{BBD1F9EC-16BF-4B74-B222-8C741939A4C2}.Release|x64.Build.0 = Release|x64
	EndGlobalSection
	GlobalSection(SolutionProperties) = preSolution
		HideSolutionNode = FALSE
	EndGlobalSection
EndGlobal
