
Microsoft Visual Studio Solution File, Format Version 12.00
# Visual Studio 2013
Project("{8BC9CEB8-8B4A-11D0-8D11-00A0C91BC942}") = "LessonRotations", "LessonRotations.vcxproj", "{A6DFA2D6-32F1-4160-B55A-389D3619B224}"
EndProject
Global
	GlobalSection(SolutionConfigurationPlatforms) = preSolution
		Debug|Win32 = Debug|Win32
		Release|Win32 = Release|Win32
	EndGlobalSection
	GlobalSection(ProjectConfigurationPlatforms) = postSolution
		{A6DFA2D6-32F1-4160-B55A-389D3619B224}.Debug|Win32.ActiveCfg = Debug|Win32
		{A6DFA2D6-32F1-4160-B55A-389D3619B224}.Debug|Win32.Build.0 = Debug|Win32
		{A6DFA2D6-32F1-4160-B55A-389D3619B224}.Release|Win32.ActiveCfg = Release|Win32
		{A6DFA2D6-32F1-4160-B55A-389D3619B224}.Release|Win32.Build.0 = Release|Win32
	EndGlobalSection
	GlobalSection(SolutionProperties) = preSolution
		HideSolutionNode = FALSE
	EndGlobalSection
EndGlobal
