
Microsoft Visual Studio Solution File, Format Version 12.00
# Visual Studio 2013
Project("{8BC9CEB8-8B4A-11D0-8D11-00A0C91BC942}") = "Lesson_Rotation", "Lesson_Rotation.vcxproj", "{53172207-977F-48CE-A319-5F305560F02D}"
EndProject
Global
	GlobalSection(SolutionConfigurationPlatforms) = preSolution
		Debug|Win32 = Debug|Win32
		Release|Win32 = Release|Win32
	EndGlobalSection
	GlobalSection(ProjectConfigurationPlatforms) = postSolution
		{53172207-977F-48CE-A319-5F305560F02D}.Debug|Win32.ActiveCfg = Debug|Win32
		{53172207-977F-48CE-A319-5F305560F02D}.Debug|Win32.Build.0 = Debug|Win32
		{53172207-977F-48CE-A319-5F305560F02D}.Release|Win32.ActiveCfg = Release|Win32
		{53172207-977F-48CE-A319-5F305560F02D}.Release|Win32.Build.0 = Release|Win32
	EndGlobalSection
	GlobalSection(SolutionProperties) = preSolution
		HideSolutionNode = FALSE
	EndGlobalSection
EndGlobal
